<Solution>
  <Folder Name="/src/">
    <Project Path="src/Demo.AppHost/Demo.AppHost.csproj" />
    <Project Path="src/Demo.ServiceDefaults/Demo.ServiceDefaults.csproj" />
    <Project Path="src/Gateway.Api/Gateway.Api.csproj" />
    <Project Path="src/Todo.Api/Todo.Api.csproj" />
    <Project Path="src/Weather.Api/Weather.Api.csproj" />
  </Folder>
</Solution>
